
Microsoft Visual Studio Solution File, Format Version 12.00
# Visual Studio Version 17
VisualStudioVersion = 17.9.34622.214
MinimumVisualStudioVersion = 10.0.40219.1
Project("{FAE04EC0-301F-11D3-BF4B-00C04F79EFBC}") = "ecommerce", "ecommerce\ecommerce.csproj", "{FFD6F282-318F-4439-A4E5-3FE82899B453}"
EndProject
Global
	GlobalSection(SolutionConfigurationPlatforms) = preSolution
		Debug|Any CPU = Debug|Any CPU
		Release|Any CPU = Release|Any CPU
	EndGlobalSection
	GlobalSection(ProjectConfigurationPlatforms) = postSolution
		{FFD6F282-318F-4439-A4E5-3FE82899B453}.Debug|Any CPU.ActiveCfg = Debug|Any CPU
		{FFD6F282-318F-4439-A4E5-3FE82899B453}.Debug|Any CPU.Build.0 = Debug|Any CPU
		{FFD6F282-318F-4439-A4E5-3FE82899B453}.Release|Any CPU.ActiveCfg = Release|Any CPU
		{FFD6F282-318F-4439-A4E5-3FE82899B453}.Release|Any CPU.Build.0 = Release|Any CPU
	EndGlobalSection
	GlobalSection(SolutionProperties) = preSolution
		HideSolutionNode = FALSE
	EndGlobalSection
	GlobalSection(ExtensibilityGlobals) = postSolution
		SolutionGuid = {50F9D55C-9A85-475A-8544-B18058B29AA7}
	EndGlobalSection
EndGlobal
